
Microsoft Visual Studio Solution File, Format Version 12.00
# Visual Studio Version 17
VisualStudioVersion = 17.10.34928.147
MinimumVisualStudioVersion = 10.0.40219.1
Project("{9A19103F-16F7-4668-BE54-9A1E7A4F7556}") = "ContactManager.Server", "ContactManager.Server\ContactManager.Server.csproj", "{0F2F61E3-EC1B-4E83-89D7-17106F454B54}"
EndProject
Project("{54A90642-561A-4BB1-A94E-469ADEE60C69}") = "contactmanager.client", "contactmanager.client\contactmanager.client.esproj", "{9393E2D0-F744-42CA-87C5-7A31C4E167DF}"
EndProject
Project("{9A19103F-16F7-4668-BE54-9A1E7A4F7556}") = "ContactManagerDB", "ContactManagerDB\ContactManagerDB.csproj", "{1F0009E3-B677-47A4-9A03-F9B5608284D1}"
EndProject
Project("{FAE04EC0-301F-11D3-BF4B-00C04F79EFBC}") = "ContactManager.Services", "ContactManager.Services\ContactManager.Services.csproj", "{21A11775-327D-475A-9C3C-31F3E2CC9E69}"
EndProject
Global
	GlobalSection(SolutionConfigurationPlatforms) = preSolution
		Debug|Any CPU = Debug|Any CPU
		Release|Any CPU = Release|Any CPU
	EndGlobalSection
	GlobalSection(ProjectConfigurationPlatforms) = postSolution
		{0F2F61E3-EC1B-4E83-89D7-17106F454B54}.Debug|Any CPU.ActiveCfg = Debug|Any CPU
		{0F2F61E3-EC1B-4E83-89D7-17106F454B54}.Debug|Any CPU.Build.0 = Debug|Any CPU
		{0F2F61E3-EC1B-4E83-89D7-17106F454B54}.Release|Any CPU.ActiveCfg = Release|Any CPU
		{0F2F61E3-EC1B-4E83-89D7-17106F454B54}.Release|Any CPU.Build.0 = Release|Any CPU
		{9393E2D0-F744-42CA-87C5-7A31C4E167DF}.Debug|Any CPU.ActiveCfg = Debug|Any CPU
		{9393E2D0-F744-42CA-87C5-7A31C4E167DF}.Debug|Any CPU.Build.0 = Debug|Any CPU
		{9393E2D0-F744-42CA-87C5-7A31C4E167DF}.Debug|Any CPU.Deploy.0 = Debug|Any CPU
		{9393E2D0-F744-42CA-87C5-7A31C4E167DF}.Release|Any CPU.ActiveCfg = Release|Any CPU
		{9393E2D0-F744-42CA-87C5-7A31C4E167DF}.Release|Any CPU.Build.0 = Release|Any CPU
		{9393E2D0-F744-42CA-87C5-7A31C4E167DF}.Release|Any CPU.Deploy.0 = Release|Any CPU
		{1F0009E3-B677-47A4-9A03-F9B5608284D1}.Debug|Any CPU.ActiveCfg = Debug|Any CPU
		{1F0009E3-B677-47A4-9A03-F9B5608284D1}.Debug|Any CPU.Build.0 = Debug|Any CPU
		{1F0009E3-B677-47A4-9A03-F9B5608284D1}.Release|Any CPU.ActiveCfg = Release|Any CPU
		{1F0009E3-B677-47A4-9A03-F9B5608284D1}.Release|Any CPU.Build.0 = Release|Any CPU
		{21A11775-327D-475A-9C3C-31F3E2CC9E69}.Debug|Any CPU.ActiveCfg = Debug|Any CPU
		{21A11775-327D-475A-9C3C-31F3E2CC9E69}.Debug|Any CPU.Build.0 = Debug|Any CPU
		{21A11775-327D-475A-9C3C-31F3E2CC9E69}.Release|Any CPU.ActiveCfg = Release|Any CPU
		{21A11775-327D-475A-9C3C-31F3E2CC9E69}.Release|Any CPU.Build.0 = Release|Any CPU
	EndGlobalSection
	GlobalSection(SolutionProperties) = preSolution
		HideSolutionNode = FALSE
	EndGlobalSection
	GlobalSection(ExtensibilityGlobals) = postSolution
		SolutionGuid = {13739105-0F27-4588-9045-9B9BBF7D340B}
	EndGlobalSection
EndGlobal
